{
  "name": "formation-jquery-06-2020",
  "version": "1.0.0",
  "lockfileVersion": 1,
  "requires": true,
  "dependencies": {
    "@ckeditor/ckeditor5-build-classic": {
      "version": "20.0.0",
      "resolved": "https://registry.npmjs.org/@ckeditor/ckeditor5-build-classic/-/ckeditor5-build-classic-20.0.0.tgz",
      "integrity": "sha512-RlKMQUMzaoKQA09q/9ty4LQ+kdXZhzI6rsOzbAudBJzFX+FcY+48z9qr6EwYn9CdnCv9v0SjFi0K20s/Nb+Nkg=="
    },
    "bootstrap": {
      "version": "4.5.0",
      "resolved": "https://registry.npmjs.org/bootstrap/-/bootstrap-4.5.0.tgz",
      "integrity": "sha512-Z93QoXvodoVslA+PWNdk23Hze4RBYIkpb5h8I2HY2Tu2h7A0LpAgLcyrhrSUyo2/Oxm2l1fRZPs1e5hnxnliXA=="
    },
    "datatables": {
      "version": "1.10.18",
      "resolved": "https://registry.npmjs.org/datatables/-/datatables-1.10.18.tgz",
      "integrity": "sha512-ntatMgS9NN6UMpwbmO+QkYJuKlVeMA2Mi0Gu/QxyIh+dW7ZjLSDhPT2tWlzjpIWEkDYgieDzS9Nu7bdQCW0sbQ==",
      "requires": {
        "jquery": ">=1.7"
      }
    },
    "datatables.net": {
      "version": "1.13.5",
      "resolved": "https://registry.npmjs.org/datatables.net/-/datatables.net-1.13.5.tgz",
      "integrity": "sha512-XoCQHkUM5MwbC3Wx7WpVvt4i880J8pIFDA9HIKD4GhvtalryBfmdd+bZvrc/rEbraZS7U4eR2k8/wFY0NeHVqQ==",
      "requires": {
        "jquery": ">=1.7"
      }
    },
    "datatables.net-dt": {
      "version": "1.13.5",
      "resolved": "https://registry.npmjs.org/datatables.net-dt/-/datatables.net-dt-1.13.5.tgz",
      "integrity": "sha512-6cIFRd/ujr0AfHPLykJNAs/6FLgDygWgYoV4d7trK2+l4NLRCrlqumtA6pm+7xF5bBaIcD0DIT8W97TIUg/PBA==",
      "requires": {
        "datatables.net": ">=1.13.4",
        "jquery": ">=1.7"
      }
    },
    "jquery": {
      "version": "3.5.1",
      "resolved": "https://registry.npmjs.org/jquery/-/jquery-3.5.1.tgz",
      "integrity": "sha512-XwIBPqcMn57FxfT+Go5pzySnm4KWkT1Tv7gjrpT1srtf8Weynl6R273VJ5GjkRb51IzMp5nbaPjJXMWeju2MKg=="
    },
    "select2": {
      "version": "4.0.13",
      "resolved": "https://registry.npmjs.org/select2/-/select2-4.0.13.tgz",
      "integrity": "sha512-1JeB87s6oN/TDxQQYCvS5EFoQyvV6eYMZZ0AeA4tdFDYWN3BAGZ8npr17UBFddU0lgAt3H0yjX3X6/ekOj1yjw=="
    }
  }
}
